
Microsoft Visual Studio Solution File, Format Version 12.00
# Visual Studio 14
VisualStudioVersion = 14.0.23107.0
MinimumVisualStudioVersion = 10.0.40219.1
Project("{FAE04EC0-301F-11D3-BF4B-00C04F79EFBC}") = "Repository.Infrastructure", "Repository.Infrastructure\Repository.Infrastructure.csproj", "{E59921B9-CD34-4A7E-96E7-C261B8AF7B8B}"
EndProject
Project("{FAE04EC0-301F-11D3-BF4B-00C04F79EFBC}") = "Repository.Domain", "Repository.Domain\Repository.Domain.csproj", "{FEDA99E4-AD04-429A-8BBF-8D8A00F3AAD6}"
EndProject
Project("{FAE04EC0-301F-11D3-BF4B-00C04F79EFBC}") = "RepositorySample.Application", "RepositorySample.Application\RepositorySample.Application.csproj", "{3D7F6E41-5863-4796-BEF9-D38C74260FF8}"
EndProject
Project("{FAE04EC0-301F-11D3-BF4B-00C04F79EFBC}") = "RepositorySample.Configuration", "RepositorySample.Configuration\RepositorySample.Configuration.csproj", "{8AAB50C1-9DF5-437A-94FC-514FE1483236}"
EndProject
Project("{FAE04EC0-301F-11D3-BF4B-00C04F79EFBC}") = "RepositorySample.Application.Services", "RepositorySample.Application.Services\RepositorySample.Application.Services.csproj", "{CEF49E64-0A0C-4A5D-B4C5-CC69A0B05560}"
EndProject
Project("{FAE04EC0-301F-11D3-BF4B-00C04F79EFBC}") = "RepositorySample.Tests", "RepositorySample.Tests\RepositorySample.Tests.csproj", "{0BCFC977-C379-471A-9287-124432A0392E}"
EndProject
Global
	GlobalSection(SolutionConfigurationPlatforms) = preSolution
		Debug|Any CPU = Debug|Any CPU
		Release|Any CPU = Release|Any CPU
	EndGlobalSection
	GlobalSection(ProjectConfigurationPlatforms) = postSolution
		{E59921B9-CD34-4A7E-96E7-C261B8AF7B8B}.Debug|Any CPU.ActiveCfg = Debug|Any CPU
		{E59921B9-CD34-4A7E-96E7-C261B8AF7B8B}.Debug|Any CPU.Build.0 = Debug|Any CPU
		{E59921B9-CD34-4A7E-96E7-C261B8AF7B8B}.Release|Any CPU.ActiveCfg = Release|Any CPU
		{E59921B9-CD34-4A7E-96E7-C261B8AF7B8B}.Release|Any CPU.Build.0 = Release|Any CPU
		{FEDA99E4-AD04-429A-8BBF-8D8A00F3AAD6}.Debug|Any CPU.ActiveCfg = Debug|Any CPU
		{FEDA99E4-AD04-429A-8BBF-8D8A00F3AAD6}.Debug|Any CPU.Build.0 = Debug|Any CPU
		{FEDA99E4-AD04-429A-8BBF-8D8A00F3AAD6}.Release|Any CPU.ActiveCfg = Release|Any CPU
		{FEDA99E4-AD04-429A-8BBF-8D8A00F3AAD6}.Release|Any CPU.Build.0 = Release|Any CPU
		{3D7F6E41-5863-4796-BEF9-D38C74260FF8}.Debug|Any CPU.ActiveCfg = Debug|Any CPU
		{3D7F6E41-5863-4796-BEF9-D38C74260FF8}.Debug|Any CPU.Build.0 = Debug|Any CPU
		{3D7F6E41-5863-4796-BEF9-D38C74260FF8}.Release|Any CPU.ActiveCfg = Release|Any CPU
		{3D7F6E41-5863-4796-BEF9-D38C74260FF8}.Release|Any CPU.Build.0 = Release|Any CPU
		{8AAB50C1-9DF5-437A-94FC-514FE1483236}.Debug|Any CPU.ActiveCfg = Debug|Any CPU
		{8AAB50C1-9DF5-437A-94FC-514FE1483236}.Debug|Any CPU.Build.0 = Debug|Any CPU
		{8AAB50C1-9DF5-437A-94FC-514FE1483236}.Release|Any CPU.ActiveCfg = Release|Any CPU
		{8AAB50C1-9DF5-437A-94FC-514FE1483236}.Release|Any CPU.Build.0 = Release|Any CPU
		{CEF49E64-0A0C-4A5D-B4C5-CC69A0B05560}.Debug|Any CPU.ActiveCfg = Debug|Any CPU
		{CEF49E64-0A0C-4A5D-B4C5-CC69A0B05560}.Debug|Any CPU.Build.0 = Debug|Any CPU
		{CEF49E64-0A0C-4A5D-B4C5-CC69A0B05560}.Release|Any CPU.ActiveCfg = Release|Any CPU
		{CEF49E64-0A0C-4A5D-B4C5-CC69A0B05560}.Release|Any CPU.Build.0 = Release|Any CPU
		{0BCFC977-C379-471A-9287-124432A0392E}.Debug|Any CPU.ActiveCfg = Debug|Any CPU
		{0BCFC977-C379-471A-9287-124432A0392E}.Debug|Any CPU.Build.0 = Debug|Any CPU
		{0BCFC977-C379-471A-9287-124432A0392E}.Release|Any CPU.ActiveCfg = Release|Any CPU
		{0BCFC977-C379-471A-9287-124432A0392E}.Release|Any CPU.Build.0 = Release|Any CPU
	EndGlobalSection
	GlobalSection(SolutionProperties) = preSolution
		HideSolutionNode = FALSE
	EndGlobalSection
EndGlobal
