
Microsoft Visual Studio Solution File, Format Version 12.00
# Visual Studio 14
VisualStudioVersion = 14.0.23107.0
MinimumVisualStudioVersion = 10.0.40219.1
Project("{FAE04EC0-301F-11D3-BF4B-00C04F79EFBC}") = "TransformaTexto.Testes", "TransformaTexto.Testes\TransformaTexto.Testes.csproj", "{BEA1F88D-F042-46EF-9D74-41A4C914A9C5}"
EndProject
Project("{FAE04EC0-301F-11D3-BF4B-00C04F79EFBC}") = "TransformaTexto.Services", "TransformaTexto.Services\TransformaTexto.Services.csproj", "{4BC664A0-AE30-4A1A-B1D8-A494FF0835D8}"
EndProject
Global
	GlobalSection(SolutionConfigurationPlatforms) = preSolution
		Debug|Any CPU = Debug|Any CPU
		Release|Any CPU = Release|Any CPU
	EndGlobalSection
	GlobalSection(ProjectConfigurationPlatforms) = postSolution
		{BEA1F88D-F042-46EF-9D74-41A4C914A9C5}.Debug|Any CPU.ActiveCfg = Debug|Any CPU
		{BEA1F88D-F042-46EF-9D74-41A4C914A9C5}.Debug|Any CPU.Build.0 = Debug|Any CPU
		{BEA1F88D-F042-46EF-9D74-41A4C914A9C5}.Release|Any CPU.ActiveCfg = Release|Any CPU
		{BEA1F88D-F042-46EF-9D74-41A4C914A9C5}.Release|Any CPU.Build.0 = Release|Any CPU
		{4BC664A0-AE30-4A1A-B1D8-A494FF0835D8}.Debug|Any CPU.ActiveCfg = Debug|Any CPU
		{4BC664A0-AE30-4A1A-B1D8-A494FF0835D8}.Debug|Any CPU.Build.0 = Debug|Any CPU
		{4BC664A0-AE30-4A1A-B1D8-A494FF0835D8}.Release|Any CPU.ActiveCfg = Release|Any CPU
		{4BC664A0-AE30-4A1A-B1D8-A494FF0835D8}.Release|Any CPU.Build.0 = Release|Any CPU
	EndGlobalSection
	GlobalSection(SolutionProperties) = preSolution
		HideSolutionNode = FALSE
	EndGlobalSection
EndGlobal
